
Microsoft Visual Studio Solution File, Format Version 12.00
# Visual Studio Version 17
VisualStudioVersion = 17.5.2.0
MinimumVisualStudioVersion = 10.0.40219.1
Project("{FAE04EC0-301F-11D3-BF4B-00C04F79EFBC}") = "RssHost", "RssHost.csproj", "{4E599D9A-3AA8-7047-2603-73F5ADB0FDA7}"
EndProject
Project("{FAE04EC0-301F-11D3-BF4B-00C04F79EFBC}") = "RssHost.Tests", "..\RssHost.Tests\RssHost.Tests.csproj", "{D6FD2DAC-6D07-4837-9D1E-1CDDDC0A5826}"
EndProject
Global
	GlobalSection(SolutionConfigurationPlatforms) = preSolution
		Debug|Any CPU = Debug|Any CPU
		Debug|x64 = Debug|x64
		Debug|x86 = Debug|x86
		Release|Any CPU = Release|Any CPU
		Release|x64 = Release|x64
		Release|x86 = Release|x86
	EndGlobalSection
	GlobalSection(ProjectConfigurationPlatforms) = postSolution
		{4E599D9A-3AA8-7047-2603-73F5ADB0FDA7}.Debug|Any CPU.ActiveCfg = Debug|Any CPU
		{4E599D9A-3AA8-7047-2603-73F5ADB0FDA7}.Debug|Any CPU.Build.0 = Debug|Any CPU
		{4E599D9A-3AA8-7047-2603-73F5ADB0FDA7}.Debug|x64.ActiveCfg = Debug|Any CPU
		{4E599D9A-3AA8-7047-2603-73F5ADB0FDA7}.Debug|x64.Build.0 = Debug|Any CPU
		{4E599D9A-3AA8-7047-2603-73F5ADB0FDA7}.Debug|x86.ActiveCfg = Debug|Any CPU
		{4E599D9A-3AA8-7047-2603-73F5ADB0FDA7}.Debug|x86.Build.0 = Debug|Any CPU
		{4E599D9A-3AA8-7047-2603-73F5ADB0FDA7}.Release|Any CPU.ActiveCfg = Release|Any CPU
		{4E599D9A-3AA8-7047-2603-73F5ADB0FDA7}.Release|Any CPU.Build.0 = Release|Any CPU
		{4E599D9A-3AA8-7047-2603-73F5ADB0FDA7}.Release|x64.ActiveCfg = Release|Any CPU
		{4E599D9A-3AA8-7047-2603-73F5ADB0FDA7}.Release|x64.Build.0 = Release|Any CPU
		{4E599D9A-3AA8-7047-2603-73F5ADB0FDA7}.Release|x86.ActiveCfg = Release|Any CPU
		{4E599D9A-3AA8-7047-2603-73F5ADB0FDA7}.Release|x86.Build.0 = Release|Any CPU
		{D6FD2DAC-6D07-4837-9D1E-1CDDDC0A5826}.Debug|Any CPU.ActiveCfg = Debug|Any CPU
		{D6FD2DAC-6D07-4837-9D1E-1CDDDC0A5826}.Debug|Any CPU.Build.0 = Debug|Any CPU
		{D6FD2DAC-6D07-4837-9D1E-1CDDDC0A5826}.Debug|x64.ActiveCfg = Debug|Any CPU
		{D6FD2DAC-6D07-4837-9D1E-1CDDDC0A5826}.Debug|x64.Build.0 = Debug|Any CPU
		{D6FD2DAC-6D07-4837-9D1E-1CDDDC0A5826}.Debug|x86.ActiveCfg = Debug|Any CPU
		{D6FD2DAC-6D07-4837-9D1E-1CDDDC0A5826}.Debug|x86.Build.0 = Debug|Any CPU
		{D6FD2DAC-6D07-4837-9D1E-1CDDDC0A5826}.Release|Any CPU.ActiveCfg = Release|Any CPU
		{D6FD2DAC-6D07-4837-9D1E-1CDDDC0A5826}.Release|Any CPU.Build.0 = Release|Any CPU
		{D6FD2DAC-6D07-4837-9D1E-1CDDDC0A5826}.Release|x64.ActiveCfg = Release|Any CPU
		{D6FD2DAC-6D07-4837-9D1E-1CDDDC0A5826}.Release|x64.Build.0 = Release|Any CPU
		{D6FD2DAC-6D07-4837-9D1E-1CDDDC0A5826}.Release|x86.ActiveCfg = Release|Any CPU
		{D6FD2DAC-6D07-4837-9D1E-1CDDDC0A5826}.Release|x86.Build.0 = Release|Any CPU
	EndGlobalSection
	GlobalSection(SolutionProperties) = preSolution
		HideSolutionNode = FALSE
	EndGlobalSection
	GlobalSection(ExtensibilityGlobals) = postSolution
		SolutionGuid = {FA9A5069-8B85-49F0-AB8C-2EA7F50C4EF0}
	EndGlobalSection
EndGlobal
